
Microsoft Visual Studio Solution File, Format Version 12.00
# Visual Studio Version 16
VisualStudioVersion = 16.0.28803.156
MinimumVisualStudioVersion = 10.0.40219.1
Project("{FAE04EC0-301F-11D3-BF4B-00C04F79EFBC}") = "UIProgram", "UIProgram\UIProgram.csproj", "{68CA16AE-C6EC-44B4-864C-9AAB6BA3FF91}"
EndProject
Global
	GlobalSection(SolutionConfigurationPlatforms) = preSolution
		Debug|Any CPU = Debug|Any CPU
		Release|Any CPU = Release|Any CPU
	EndGlobalSection
	GlobalSection(ProjectConfigurationPlatforms) = postSolution
		{68CA16AE-C6EC-44B4-864C-9AAB6BA3FF91}.Debug|Any CPU.ActiveCfg = Debug|Any CPU
		{68CA16AE-C6EC-44B4-864C-9AAB6BA3FF91}.Debug|Any CPU.Build.0 = Debug|Any CPU
		{68CA16AE-C6EC-44B4-864C-9AAB6BA3FF91}.Release|Any CPU.ActiveCfg = Release|Any CPU
		{68CA16AE-C6EC-44B4-864C-9AAB6BA3FF91}.Release|Any CPU.Build.0 = Release|Any CPU
	EndGlobalSection
	GlobalSection(SolutionProperties) = preSolution
		HideSolutionNode = FALSE
	EndGlobalSection
	GlobalSection(ExtensibilityGlobals) = postSolution
		SolutionGuid = {26B4D552-C8D0-402E-942A-8A815348C4F3}
	EndGlobalSection
EndGlobal
