
Microsoft Visual Studio Solution File, Format Version 12.00
# Visual Studio Version 16
VisualStudioVersion = 16.0.28803.156
MinimumVisualStudioVersion = 10.0.40219.1
Project("{FAE04EC0-301F-11D3-BF4B-00C04F79EFBC}") = "ParseTree", "ParseTree\ParseTree.csproj", "{F6A6BC07-0824-4B6C-982C-C85FF45F766F}"
EndProject
Project("{FAE04EC0-301F-11D3-BF4B-00C04F79EFBC}") = "ParseTree.Tests", "ParseTree.Tests\ParseTree.Tests.csproj", "{78B45738-A7E1-4CF4-8215-8007FD84BD17}"
EndProject
Global
	GlobalSection(SolutionConfigurationPlatforms) = preSolution
		Debug|Any CPU = Debug|Any CPU
		Release|Any CPU = Release|Any CPU
	EndGlobalSection
	GlobalSection(ProjectConfigurationPlatforms) = postSolution
		{F6A6BC07-0824-4B6C-982C-C85FF45F766F}.Debug|Any CPU.ActiveCfg = Debug|Any CPU
		{F6A6BC07-0824-4B6C-982C-C85FF45F766F}.Debug|Any CPU.Build.0 = Debug|Any CPU
		{F6A6BC07-0824-4B6C-982C-C85FF45F766F}.Release|Any CPU.ActiveCfg = Release|Any CPU
		{F6A6BC07-0824-4B6C-982C-C85FF45F766F}.Release|Any CPU.Build.0 = Release|Any CPU
		{78B45738-A7E1-4CF4-8215-8007FD84BD17}.Debug|Any CPU.ActiveCfg = Debug|Any CPU
		{78B45738-A7E1-4CF4-8215-8007FD84BD17}.Debug|Any CPU.Build.0 = Debug|Any CPU
		{78B45738-A7E1-4CF4-8215-8007FD84BD17}.Release|Any CPU.ActiveCfg = Release|Any CPU
		{78B45738-A7E1-4CF4-8215-8007FD84BD17}.Release|Any CPU.Build.0 = Release|Any CPU
	EndGlobalSection
	GlobalSection(SolutionProperties) = preSolution
		HideSolutionNode = FALSE
	EndGlobalSection
	GlobalSection(ExtensibilityGlobals) = postSolution
		SolutionGuid = {2AD9A8A5-7158-4A8F-8880-CDFC89766CFD}
	EndGlobalSection
EndGlobal
