
Microsoft Visual Studio Solution File, Format Version 12.00
# Visual Studio Version 16
VisualStudioVersion = 16.0.28705.295
MinimumVisualStudioVersion = 10.0.40219.1
Project("{FAE04EC0-301F-11D3-BF4B-00C04F79EFBC}") = "StackCalculator", "StackCalculator\StackCalculator.csproj", "{0F9354BB-9029-4DDD-A5D3-D736CC330AFA}"
EndProject
Global
	GlobalSection(SolutionConfigurationPlatforms) = preSolution
		Debug|Any CPU = Debug|Any CPU
		Release|Any CPU = Release|Any CPU
	EndGlobalSection
	GlobalSection(ProjectConfigurationPlatforms) = postSolution
		{0F9354BB-9029-4DDD-A5D3-D736CC330AFA}.Debug|Any CPU.ActiveCfg = Debug|Any CPU
		{0F9354BB-9029-4DDD-A5D3-D736CC330AFA}.Debug|Any CPU.Build.0 = Debug|Any CPU
		{0F9354BB-9029-4DDD-A5D3-D736CC330AFA}.Release|Any CPU.ActiveCfg = Release|Any CPU
		{0F9354BB-9029-4DDD-A5D3-D736CC330AFA}.Release|Any CPU.Build.0 = Release|Any CPU
	EndGlobalSection
	GlobalSection(SolutionProperties) = preSolution
		HideSolutionNode = FALSE
	EndGlobalSection
	GlobalSection(ExtensibilityGlobals) = postSolution
		SolutionGuid = {3090CB5E-1690-48AA-9D71-B613EA03ED3E}
	EndGlobalSection
EndGlobal
