
Microsoft Visual Studio Solution File, Format Version 12.00
# Visual Studio 15
VisualStudioVersion = 15.0.28307.168
MinimumVisualStudioVersion = 10.0.40219.1
Project("{8BC9CEB8-8B4A-11D0-8D11-00A0C91BC942}") = "hw9.1", "hw9.1\hw9.1.vcxproj", "{B85DFFBC-2339-4CFF-843B-FA14F7E7D1D4}"
EndProject
Global
	GlobalSection(SolutionConfigurationPlatforms) = preSolution
		Debug|x64 = Debug|x64
		Debug|x86 = Debug|x86
		Release|x64 = Release|x64
		Release|x86 = Release|x86
	EndGlobalSection
	GlobalSection(ProjectConfigurationPlatforms) = postSolution
		{B85DFFBC-2339-4CFF-843B-FA14F7E7D1D4}.Debug|x64.ActiveCfg = Debug|x64
		{B85DFFBC-2339-4CFF-843B-FA14F7E7D1D4}.Debug|x64.Build.0 = Debug|x64
		{B85DFFBC-2339-4CFF-843B-FA14F7E7D1D4}.Debug|x86.ActiveCfg = Debug|Win32
		{B85DFFBC-2339-4CFF-843B-FA14F7E7D1D4}.Debug|x86.Build.0 = Debug|Win32
		{B85DFFBC-2339-4CFF-843B-FA14F7E7D1D4}.Release|x64.ActiveCfg = Release|x64
		{B85DFFBC-2339-4CFF-843B-FA14F7E7D1D4}.Release|x64.Build.0 = Release|x64
		{B85DFFBC-2339-4CFF-843B-FA14F7E7D1D4}.Release|x86.ActiveCfg = Release|Win32
		{B85DFFBC-2339-4CFF-843B-FA14F7E7D1D4}.Release|x86.Build.0 = Release|Win32
	EndGlobalSection
	GlobalSection(SolutionProperties) = preSolution
		HideSolutionNode = FALSE
	EndGlobalSection
	GlobalSection(ExtensibilityGlobals) = postSolution
		SolutionGuid = {B329E500-1C13-453E-A5E0-11B2550840FC}
	EndGlobalSection
EndGlobal
