
Microsoft Visual Studio Solution File, Format Version 12.00
# Visual Studio Version 16
VisualStudioVersion = 16.0.28621.142
MinimumVisualStudioVersion = 10.0.40219.1
Project("{FAE04EC0-301F-11D3-BF4B-00C04F79EFBC}") = "HashTable", "HashTable\HashTable.csproj", "{72AA122B-C42B-491C-94E0-975407A45C7E}"
EndProject
Project("{FAE04EC0-301F-11D3-BF4B-00C04F79EFBC}") = "HashTable.Tests", "HashTable.Tests\HashTable.Tests.csproj", "{93D89A4E-CC62-411D-B5A5-B6A0E11B359D}"
EndProject
Global
	GlobalSection(SolutionConfigurationPlatforms) = preSolution
		Debug|Any CPU = Debug|Any CPU
		Release|Any CPU = Release|Any CPU
	EndGlobalSection
	GlobalSection(ProjectConfigurationPlatforms) = postSolution
		{72AA122B-C42B-491C-94E0-975407A45C7E}.Debug|Any CPU.ActiveCfg = Debug|Any CPU
		{72AA122B-C42B-491C-94E0-975407A45C7E}.Debug|Any CPU.Build.0 = Debug|Any CPU
		{72AA122B-C42B-491C-94E0-975407A45C7E}.Release|Any CPU.ActiveCfg = Release|Any CPU
		{72AA122B-C42B-491C-94E0-975407A45C7E}.Release|Any CPU.Build.0 = Release|Any CPU
		{93D89A4E-CC62-411D-B5A5-B6A0E11B359D}.Debug|Any CPU.ActiveCfg = Debug|Any CPU
		{93D89A4E-CC62-411D-B5A5-B6A0E11B359D}.Debug|Any CPU.Build.0 = Debug|Any CPU
		{93D89A4E-CC62-411D-B5A5-B6A0E11B359D}.Release|Any CPU.ActiveCfg = Release|Any CPU
		{93D89A4E-CC62-411D-B5A5-B6A0E11B359D}.Release|Any CPU.Build.0 = Release|Any CPU
	EndGlobalSection
	GlobalSection(SolutionProperties) = preSolution
		HideSolutionNode = FALSE
	EndGlobalSection
	GlobalSection(ExtensibilityGlobals) = postSolution
		SolutionGuid = {0A645A0E-FC9C-4BD5-BB0B-AAB621DFBA33}
	EndGlobalSection
EndGlobal
