
Microsoft Visual Studio Solution File, Format Version 12.00
# Visual Studio 15
VisualStudioVersion = 15.0.28307.168
MinimumVisualStudioVersion = 10.0.40219.1
Project("{8BC9CEB8-8B4A-11D0-8D11-00A0C91BC942}") = "kr2.2", "kr2.2\kr2.2.vcxproj", "{09B30888-A5C2-4A1A-A799-D17BF7E48356}"
EndProject
Global
	GlobalSection(SolutionConfigurationPlatforms) = preSolution
		Debug|x64 = Debug|x64
		Debug|x86 = Debug|x86
		Release|x64 = Release|x64
		Release|x86 = Release|x86
	EndGlobalSection
	GlobalSection(ProjectConfigurationPlatforms) = postSolution
		{09B30888-A5C2-4A1A-A799-D17BF7E48356}.Debug|x64.ActiveCfg = Debug|x64
		{09B30888-A5C2-4A1A-A799-D17BF7E48356}.Debug|x64.Build.0 = Debug|x64
		{09B30888-A5C2-4A1A-A799-D17BF7E48356}.Debug|x86.ActiveCfg = Debug|Win32
		{09B30888-A5C2-4A1A-A799-D17BF7E48356}.Debug|x86.Build.0 = Debug|Win32
		{09B30888-A5C2-4A1A-A799-D17BF7E48356}.Release|x64.ActiveCfg = Release|x64
		{09B30888-A5C2-4A1A-A799-D17BF7E48356}.Release|x64.Build.0 = Release|x64
		{09B30888-A5C2-4A1A-A799-D17BF7E48356}.Release|x86.ActiveCfg = Release|Win32
		{09B30888-A5C2-4A1A-A799-D17BF7E48356}.Release|x86.Build.0 = Release|Win32
	EndGlobalSection
	GlobalSection(SolutionProperties) = preSolution
		HideSolutionNode = FALSE
	EndGlobalSection
	GlobalSection(ExtensibilityGlobals) = postSolution
		SolutionGuid = {CF101C7F-C2B8-4CA3-B324-E7A3B8613A30}
	EndGlobalSection
EndGlobal
