
Microsoft Visual Studio Solution File, Format Version 12.00
# Visual Studio Version 16
VisualStudioVersion = 16.0.28803.156
MinimumVisualStudioVersion = 10.0.40219.1
Project("{FAE04EC0-301F-11D3-BF4B-00C04F79EFBC}") = "Calculator", "Calculator\Calculator.csproj", "{EDA5C4C7-33AF-4925-AA16-1371FC985A26}"
EndProject
Project("{FAE04EC0-301F-11D3-BF4B-00C04F79EFBC}") = "Calculator.Tests", "Calculator.Tests\Calculator.Tests.csproj", "{E7D31936-7070-4C29-A842-6F4C382A95B2}"
EndProject
Global
	GlobalSection(SolutionConfigurationPlatforms) = preSolution
		Debug|Any CPU = Debug|Any CPU
		Release|Any CPU = Release|Any CPU
	EndGlobalSection
	GlobalSection(ProjectConfigurationPlatforms) = postSolution
		{EDA5C4C7-33AF-4925-AA16-1371FC985A26}.Debug|Any CPU.ActiveCfg = Debug|Any CPU
		{EDA5C4C7-33AF-4925-AA16-1371FC985A26}.Debug|Any CPU.Build.0 = Debug|Any CPU
		{EDA5C4C7-33AF-4925-AA16-1371FC985A26}.Release|Any CPU.ActiveCfg = Release|Any CPU
		{EDA5C4C7-33AF-4925-AA16-1371FC985A26}.Release|Any CPU.Build.0 = Release|Any CPU
		{E7D31936-7070-4C29-A842-6F4C382A95B2}.Debug|Any CPU.ActiveCfg = Debug|Any CPU
		{E7D31936-7070-4C29-A842-6F4C382A95B2}.Debug|Any CPU.Build.0 = Debug|Any CPU
		{E7D31936-7070-4C29-A842-6F4C382A95B2}.Release|Any CPU.ActiveCfg = Release|Any CPU
		{E7D31936-7070-4C29-A842-6F4C382A95B2}.Release|Any CPU.Build.0 = Release|Any CPU
	EndGlobalSection
	GlobalSection(SolutionProperties) = preSolution
		HideSolutionNode = FALSE
	EndGlobalSection
	GlobalSection(ExtensibilityGlobals) = postSolution
		SolutionGuid = {15E9A6D6-D256-44E9-99A1-1745A66CFCB0}
	EndGlobalSection
EndGlobal
