
Microsoft Visual Studio Solution File, Format Version 12.00
# Visual Studio 15
VisualStudioVersion = 15.0.28307.168
MinimumVisualStudioVersion = 10.0.40219.1
Project("{8BC9CEB8-8B4A-11D0-8D11-00A0C91BC942}") = "kr3.2", "kr3.2\kr3.2.vcxproj", "{91C1257F-B1EC-4A11-AC86-221C69AD4442}"
EndProject
Global
	GlobalSection(SolutionConfigurationPlatforms) = preSolution
		Debug|x64 = Debug|x64
		Debug|x86 = Debug|x86
		Release|x64 = Release|x64
		Release|x86 = Release|x86
	EndGlobalSection
	GlobalSection(ProjectConfigurationPlatforms) = postSolution
		{91C1257F-B1EC-4A11-AC86-221C69AD4442}.Debug|x64.ActiveCfg = Debug|x64
		{91C1257F-B1EC-4A11-AC86-221C69AD4442}.Debug|x64.Build.0 = Debug|x64
		{91C1257F-B1EC-4A11-AC86-221C69AD4442}.Debug|x86.ActiveCfg = Debug|Win32
		{91C1257F-B1EC-4A11-AC86-221C69AD4442}.Debug|x86.Build.0 = Debug|Win32
		{91C1257F-B1EC-4A11-AC86-221C69AD4442}.Release|x64.ActiveCfg = Release|x64
		{91C1257F-B1EC-4A11-AC86-221C69AD4442}.Release|x64.Build.0 = Release|x64
		{91C1257F-B1EC-4A11-AC86-221C69AD4442}.Release|x86.ActiveCfg = Release|Win32
		{91C1257F-B1EC-4A11-AC86-221C69AD4442}.Release|x86.Build.0 = Release|Win32
	EndGlobalSection
	GlobalSection(SolutionProperties) = preSolution
		HideSolutionNode = FALSE
	EndGlobalSection
	GlobalSection(ExtensibilityGlobals) = postSolution
		SolutionGuid = {D7F9DC34-9206-47EB-9C50-1AD37BDBB196}
	EndGlobalSection
EndGlobal
