
Microsoft Visual Studio Solution File, Format Version 12.00
# Visual Studio Version 16
VisualStudioVersion = 16.0.28803.156
MinimumVisualStudioVersion = 10.0.40219.1
Project("{FAE04EC0-301F-11D3-BF4B-00C04F79EFBC}") = "BubbleSort", "BubbleSort\BubbleSort.csproj", "{3940D59E-F0D6-4A2F-AC60-9A47D91FA2CE}"
EndProject
Project("{FAE04EC0-301F-11D3-BF4B-00C04F79EFBC}") = "BubbleSort.Tests", "BubbleSort.Tests\BubbleSort.Tests.csproj", "{FAECBDAE-3B00-472E-903D-ED93E8443324}"
EndProject
Global
	GlobalSection(SolutionConfigurationPlatforms) = preSolution
		Debug|Any CPU = Debug|Any CPU
		Release|Any CPU = Release|Any CPU
	EndGlobalSection
	GlobalSection(ProjectConfigurationPlatforms) = postSolution
		{3940D59E-F0D6-4A2F-AC60-9A47D91FA2CE}.Debug|Any CPU.ActiveCfg = Debug|Any CPU
		{3940D59E-F0D6-4A2F-AC60-9A47D91FA2CE}.Debug|Any CPU.Build.0 = Debug|Any CPU
		{3940D59E-F0D6-4A2F-AC60-9A47D91FA2CE}.Release|Any CPU.ActiveCfg = Release|Any CPU
		{3940D59E-F0D6-4A2F-AC60-9A47D91FA2CE}.Release|Any CPU.Build.0 = Release|Any CPU
		{FAECBDAE-3B00-472E-903D-ED93E8443324}.Debug|Any CPU.ActiveCfg = Debug|Any CPU
		{FAECBDAE-3B00-472E-903D-ED93E8443324}.Debug|Any CPU.Build.0 = Debug|Any CPU
		{FAECBDAE-3B00-472E-903D-ED93E8443324}.Release|Any CPU.ActiveCfg = Release|Any CPU
		{FAECBDAE-3B00-472E-903D-ED93E8443324}.Release|Any CPU.Build.0 = Release|Any CPU
	EndGlobalSection
	GlobalSection(SolutionProperties) = preSolution
		HideSolutionNode = FALSE
	EndGlobalSection
	GlobalSection(ExtensibilityGlobals) = postSolution
		SolutionGuid = {2BE62C52-4242-4148-8DE7-D3908CDE0F04}
	EndGlobalSection
EndGlobal
